
Microsoft Visual Studio Solution File, Format Version 12.00
# Visual Studio Version 16
VisualStudioVersion = 16.0.30907.101
MinimumVisualStudioVersion = 10.0.40219.1
Project("{FAE04EC0-301F-11D3-BF4B-00C04F79EFBC}") = "regexTutorial", "regexTutorial\regexTutorial.csproj", "{0FCCCCF8-919D-4752-AB17-ADFE45329059}"
EndProject
Global
	GlobalSection(SolutionConfigurationPlatforms) = preSolution
		Debug|Any CPU = Debug|Any CPU
		Release|Any CPU = Release|Any CPU
	EndGlobalSection
	GlobalSection(ProjectConfigurationPlatforms) = postSolution
		{0FCCCCF8-919D-4752-AB17-ADFE45329059}.Debug|Any CPU.ActiveCfg = Debug|Any CPU
		{0FCCCCF8-919D-4752-AB17-ADFE45329059}.Debug|Any CPU.Build.0 = Debug|Any CPU
		{0FCCCCF8-919D-4752-AB17-ADFE45329059}.Release|Any CPU.ActiveCfg = Release|Any CPU
		{0FCCCCF8-919D-4752-AB17-ADFE45329059}.Release|Any CPU.Build.0 = Release|Any CPU
	EndGlobalSection
	GlobalSection(SolutionProperties) = preSolution
		HideSolutionNode = FALSE
	EndGlobalSection
	GlobalSection(ExtensibilityGlobals) = postSolution
		SolutionGuid = {28F60DA7-C558-44C3-8813-90C18808F41F}
	EndGlobalSection
EndGlobal
